
Microsoft Visual Studio Solution File, Format Version 12.00
# Visual Studio 14
VisualStudioVersion = 14.0.25420.1
MinimumVisualStudioVersion = 10.0.40219.1
Project("{FAE04EC0-301F-11D3-BF4B-00C04F79EFBC}") = "Presentation", "Presentation\Presentation.csproj", "{17854A23-0651-45B2-8F2A-2356CC298CA6}"
EndProject
Project("{FAE04EC0-301F-11D3-BF4B-00C04F79EFBC}") = "Dao", "Dao\Dao.csproj", "{AB40E947-9E35-4F61-AD85-A4246C8922DB}"
EndProject
Project("{FAE04EC0-301F-11D3-BF4B-00C04F79EFBC}") = "Bus", "Bus\Bus.csproj", "{D731EC44-2EB0-4170-9F5F-C272B4CA9602}"
EndProject
Project("{FAE04EC0-301F-11D3-BF4B-00C04F79EFBC}") = "Dto", "Dto\Dto.csproj", "{9FB9F19C-5CB8-49A6-A42A-22D2AD36CEE7}"
EndProject
Global
	GlobalSection(SolutionConfigurationPlatforms) = preSolution
		Debug|Any CPU = Debug|Any CPU
		Release|Any CPU = Release|Any CPU
	EndGlobalSection
	GlobalSection(ProjectConfigurationPlatforms) = postSolution
		{17854A23-0651-45B2-8F2A-2356CC298CA6}.Debug|Any CPU.ActiveCfg = Debug|Any CPU
		{17854A23-0651-45B2-8F2A-2356CC298CA6}.Debug|Any CPU.Build.0 = Debug|Any CPU
		{17854A23-0651-45B2-8F2A-2356CC298CA6}.Release|Any CPU.ActiveCfg = Release|Any CPU
		{17854A23-0651-45B2-8F2A-2356CC298CA6}.Release|Any CPU.Build.0 = Release|Any CPU
		{AB40E947-9E35-4F61-AD85-A4246C8922DB}.Debug|Any CPU.ActiveCfg = Debug|Any CPU
		{AB40E947-9E35-4F61-AD85-A4246C8922DB}.Debug|Any CPU.Build.0 = Debug|Any CPU
		{AB40E947-9E35-4F61-AD85-A4246C8922DB}.Release|Any CPU.ActiveCfg = Release|Any CPU
		{AB40E947-9E35-4F61-AD85-A4246C8922DB}.Release|Any CPU.Build.0 = Release|Any CPU
		{D731EC44-2EB0-4170-9F5F-C272B4CA9602}.Debug|Any CPU.ActiveCfg = Debug|Any CPU
		{D731EC44-2EB0-4170-9F5F-C272B4CA9602}.Debug|Any CPU.Build.0 = Debug|Any CPU
		{D731EC44-2EB0-4170-9F5F-C272B4CA9602}.Release|Any CPU.ActiveCfg = Release|Any CPU
		{D731EC44-2EB0-4170-9F5F-C272B4CA9602}.Release|Any CPU.Build.0 = Release|Any CPU
		{9FB9F19C-5CB8-49A6-A42A-22D2AD36CEE7}.Debug|Any CPU.ActiveCfg = Debug|Any CPU
		{9FB9F19C-5CB8-49A6-A42A-22D2AD36CEE7}.Debug|Any CPU.Build.0 = Debug|Any CPU
		{9FB9F19C-5CB8-49A6-A42A-22D2AD36CEE7}.Release|Any CPU.ActiveCfg = Release|Any CPU
		{9FB9F19C-5CB8-49A6-A42A-22D2AD36CEE7}.Release|Any CPU.Build.0 = Release|Any CPU
	EndGlobalSection
	GlobalSection(SolutionProperties) = preSolution
		HideSolutionNode = FALSE
	EndGlobalSection
EndGlobal
